// !$*UTF8*$!
{
	archiveVersion = 1;
	classes = {
	};
	objectVersion = 46;
	objects = {

/* Begin PBXBuildFile section */
		1269095ADD81C72C59963E65 /* Pods_EveryoneGetsToDJTests.framework in Frameworks */ = {isa = PBXBuildFile; fileRef = 15DA0DAC2DB435D378229EF5 /* Pods_EveryoneGetsToDJTests.framework */; };
		CED1AB962730DB2FC70D5867 /* Pods_EveryoneGetsToDJ.framework in Frameworks */ = {isa = PBXBuildFile; fileRef = 256E0914CCCD808BF0ACF6E5 /* Pods_EveryoneGetsToDJ.framework */; };
		EC13AA7A1EF97E4F00BD48C9 /* ColorScheme.swift in Sources */ = {isa = PBXBuildFile; fileRef = EC13AA791EF97E4F00BD48C9 /* ColorScheme.swift */; };
		EC2018351EF70C9900ECB4ED /* GoogleService-Info.plist in Resources */ = {isa = PBXBuildFile; fileRef = EC2018341EF70C9900ECB4ED /* GoogleService-Info.plist */; };
		EC291B301EF047D800953483 /* Resource.swift in Sources */ = {isa = PBXBuildFile; fileRef = EC291B2F1EF047D800953483 /* Resource.swift */; };
		EC2BC4581EF83730007A783C /* DJTextField.swift in Sources */ = {isa = PBXBuildFile; fileRef = EC2BC4571EF83730007A783C /* DJTextField.swift */; };
		EC2BC45A1EF8634E007A783C /* Jukebox.swift in Sources */ = {isa = PBXBuildFile; fileRef = EC2BC4591EF8634E007A783C /* Jukebox.swift */; };
		EC2BC45D1EF87DA5007A783C /* MultipeerManager.swift in Sources */ = {isa = PBXBuildFile; fileRef = EC2BC45C1EF87DA5007A783C /* MultipeerManager.swift */; };
		EC2BC45F1EF8887A007A783C /* MultipeerResource.swift in Sources */ = {isa = PBXBuildFile; fileRef = EC2BC45E1EF8887A007A783C /* MultipeerResource.swift */; };
		EC2BC4621EF89282007A783C /* Serializing.swift in Sources */ = {isa = PBXBuildFile; fileRef = EC2BC4611EF89282007A783C /* Serializing.swift */; };
		EC2BC4641EF8991D007A783C /* FindJukeboxViewController.swift in Sources */ = {isa = PBXBuildFile; fileRef = EC2BC4631EF8991D007A783C /* FindJukeboxViewController.swift */; };
		EC2BC4661EF89CA7007A783C /* JukeboxCell.swift in Sources */ = {isa = PBXBuildFile; fileRef = EC2BC4651EF89CA7007A783C /* JukeboxCell.swift */; };
		EC56CE531EF7119C0023DDCE /* FirebaseManager.swift in Sources */ = {isa = PBXBuildFile; fileRef = EC56CE521EF7119C0023DDCE /* FirebaseManager.swift */; };
		EC56CE551EF71C920023DDCE /* CreateJukeboxViewController.swift in Sources */ = {isa = PBXBuildFile; fileRef = EC56CE541EF71C920023DDCE /* CreateJukeboxViewController.swift */; };
		EC5AB8F01EF2E2F200483E13 /* DJTabBarController.swift in Sources */ = {isa = PBXBuildFile; fileRef = EC5AB8EF1EF2E2F200483E13 /* DJTabBarController.swift */; };
		EC5CC81A1EF1F45000F83E13 /* LoginManager.swift in Sources */ = {isa = PBXBuildFile; fileRef = EC5CC8191EF1F45000F83E13 /* LoginManager.swift */; };
		EC5CC81C1EF1F6CC00F83E13 /* PlaybackViewController.swift in Sources */ = {isa = PBXBuildFile; fileRef = EC5CC81B1EF1F6CC00F83E13 /* PlaybackViewController.swift */; };
		EC5CC81E1EF1F70300F83E13 /* SelectionViewController.swift in Sources */ = {isa = PBXBuildFile; fileRef = EC5CC81D1EF1F70300F83E13 /* SelectionViewController.swift */; };
		EC5F83601EFC080500EB4C4D /* NotificationExt.swift in Sources */ = {isa = PBXBuildFile; fileRef = EC5F835F1EFC080500EB4C4D /* NotificationExt.swift */; };
		EC5F83621EFC20C100EB4C4D /* PauseButton.swift in Sources */ = {isa = PBXBuildFile; fileRef = EC5F83611EFC20C100EB4C4D /* PauseButton.swift */; };
		EC5F83661EFC75EB00EB4C4D /* DJButton.swift in Sources */ = {isa = PBXBuildFile; fileRef = EC5F83651EFC75EB00EB4C4D /* DJButton.swift */; };
		EC5F836A1EFC77C200EB4C4D /* UIViewControllerExt.swift in Sources */ = {isa = PBXBuildFile; fileRef = EC5F83691EFC77C200EB4C4D /* UIViewControllerExt.swift */; };
		EC5F836C1EFC7E9E00EB4C4D /* DJNavigationController.swift in Sources */ = {isa = PBXBuildFile; fileRef = EC5F836B1EFC7E9E00EB4C4D /* DJNavigationController.swift */; };
		EC9D6D4C1EE8ABC60021370D /* AppDelegate.swift in Sources */ = {isa = PBXBuildFile; fileRef = EC9D6D4B1EE8ABC60021370D /* AppDelegate.swift */; };
		EC9D6D551EE8ABC60021370D /* Main.storyboard in Resources */ = {isa = PBXBuildFile; fileRef = EC9D6D531EE8ABC60021370D /* Main.storyboard */; };
		EC9D6D571EE8ABC60021370D /* Assets.xcassets in Resources */ = {isa = PBXBuildFile; fileRef = EC9D6D561EE8ABC60021370D /* Assets.xcassets */; };
		EC9D6D5A1EE8ABC60021370D /* LaunchScreen.storyboard in Resources */ = {isa = PBXBuildFile; fileRef = EC9D6D581EE8ABC60021370D /* LaunchScreen.storyboard */; };
		EC9D6D651EE8ABC60021370D /* EveryoneGetsToDJTests.swift in Sources */ = {isa = PBXBuildFile; fileRef = EC9D6D641EE8ABC60021370D /* EveryoneGetsToDJTests.swift */; };
		EC9D6D711EE8B2120021370D /* Secret.swift in Sources */ = {isa = PBXBuildFile; fileRef = EC9D6D701EE8B2120021370D /* Secret.swift */; };
		EC9D6D761EE8B3F80021370D /* SpotifyAudioPlayback.framework in Frameworks */ = {isa = PBXBuildFile; fileRef = EC9D6D731EE8B3F80021370D /* SpotifyAudioPlayback.framework */; };
		EC9D6D771EE8B3F80021370D /* SpotifyAuthentication.framework in Frameworks */ = {isa = PBXBuildFile; fileRef = EC9D6D741EE8B3F80021370D /* SpotifyAuthentication.framework */; };
		EC9D6D781EE8B3F80021370D /* SpotifyMetadata.framework in Frameworks */ = {isa = PBXBuildFile; fileRef = EC9D6D751EE8B3F80021370D /* SpotifyMetadata.framework */; };
		EC9D6D7D1EE8B4BF0021370D /* BridgeViewController.m in Sources */ = {isa = PBXBuildFile; fileRef = EC9D6D7C1EE8B4BF0021370D /* BridgeViewController.m */; };
		EC9D6D7F1EE8B67A0021370D /* LoginViewController.swift in Sources */ = {isa = PBXBuildFile; fileRef = EC9D6D7E1EE8B67A0021370D /* LoginViewController.swift */; };
		EC9D6D831EE9BE9A0021370D /* ApiClient.swift in Sources */ = {isa = PBXBuildFile; fileRef = EC9D6D821EE9BE9A0021370D /* ApiClient.swift */; };
		EC9D6D871EEB46C20021370D /* ApiResponse.swift in Sources */ = {isa = PBXBuildFile; fileRef = EC9D6D861EEB46C20021370D /* ApiResponse.swift */; };
		EC9D6D891EEB4BD30021370D /* Artist.swift in Sources */ = {isa = PBXBuildFile; fileRef = EC9D6D881EEB4BD30021370D /* Artist.swift */; };
		EC9D6D8B1EEB4BE50021370D /* Track.swift in Sources */ = {isa = PBXBuildFile; fileRef = EC9D6D8A1EEB4BE50021370D /* Track.swift */; };
		EC9D6D8D1EEB4BF70021370D /* Album.swift in Sources */ = {isa = PBXBuildFile; fileRef = EC9D6D8C1EEB4BF70021370D /* Album.swift */; };
		ECCC80681EFAB70000D1A294 /* Urban Jungle.ttf in Resources */ = {isa = PBXBuildFile; fileRef = ECCC80671EFAB70000D1A294 /* Urban Jungle.ttf */; };
		ECCC806A1EFAB73400D1A294 /* TrackCell.swift in Sources */ = {isa = PBXBuildFile; fileRef = ECCC80691EFAB73400D1A294 /* TrackCell.swift */; };
		ECCC806C1EFAB7F300D1A294 /* Electricity Personal Use.ttf in Resources */ = {isa = PBXBuildFile; fileRef = ECCC806B1EFAB7F300D1A294 /* Electricity Personal Use.ttf */; };
		ECCC806E1EFAB91000D1A294 /* Neons_demo.otf in Resources */ = {isa = PBXBuildFile; fileRef = ECCC806D1EFAB91000D1A294 /* Neons_demo.otf */; };
		ECCC80701EFAB9DC00D1A294 /* DJLabel.swift in Sources */ = {isa = PBXBuildFile; fileRef = ECCC806F1EFAB9DC00D1A294 /* DJLabel.swift */; };
		ECCC80721EFAD84300D1A294 /* PlaybackCell.swift in Sources */ = {isa = PBXBuildFile; fileRef = ECCC80711EFAD84300D1A294 /* PlaybackCell.swift */; };
		ECCC80741EFB060300D1A294 /* PlaybackEngine.swift in Sources */ = {isa = PBXBuildFile; fileRef = ECCC80731EFB060300D1A294 /* PlaybackEngine.swift */; };
		ECF108841EF98175006365AB /* DJView.swift in Sources */ = {isa = PBXBuildFile; fileRef = ECF108831EF98175006365AB /* DJView.swift */; };
		ECFDFBF51EEB70EF00480F8F /* ApiError.swift in Sources */ = {isa = PBXBuildFile; fileRef = ECFDFBF41EEB70EF00480F8F /* ApiError.swift */; };
/* End PBXBuildFile section */

/* Begin PBXContainerItemProxy section */
		EC9D6D611EE8ABC60021370D /* PBXContainerItemProxy */ = {
			isa = PBXContainerItemProxy;
			containerPortal = EC9D6D401EE8ABC60021370D /* Project object */;
			proxyType = 1;
			remoteGlobalIDString = EC9D6D471EE8ABC60021370D;
			remoteInfo = EveryoneGetsToDJ;
		};
/* End PBXContainerItemProxy section */

/* Begin PBXFileReference section */
		0DD2BF4E743F91E70D0956E3 /* Pods-EveryoneGetsToDJ.debug.xcconfig */ = {isa = PBXFileReference; includeInIndex = 1; lastKnownFileType = text.xcconfig; name = "Pods-EveryoneGetsToDJ.debug.xcconfig"; path = "Pods/Target Support Files/Pods-EveryoneGetsToDJ/Pods-EveryoneGetsToDJ.debug.xcconfig"; sourceTree = "<group>"; };
		15DA0DAC2DB435D378229EF5 /* Pods_EveryoneGetsToDJTests.framework */ = {isa = PBXFileReference; explicitFileType = wrapper.framework; includeInIndex = 0; path = Pods_EveryoneGetsToDJTests.framework; sourceTree = BUILT_PRODUCTS_DIR; };
		256E0914CCCD808BF0ACF6E5 /* Pods_EveryoneGetsToDJ.framework */ = {isa = PBXFileReference; explicitFileType = wrapper.framework; includeInIndex = 0; path = Pods_EveryoneGetsToDJ.framework; sourceTree = BUILT_PRODUCTS_DIR; };
		2F7C1E912541D3C6A35A9564 /* Pods-EveryoneGetsToDJTests.debug.xcconfig */ = {isa = PBXFileReference; includeInIndex = 1; lastKnownFileType = text.xcconfig; name = "Pods-EveryoneGetsToDJTests.debug.xcconfig"; path = "Pods/Target Support Files/Pods-EveryoneGetsToDJTests/Pods-EveryoneGetsToDJTests.debug.xcconfig"; sourceTree = "<group>"; };
		845186C2A0070BBFC2F67AF6 /* Pods-EveryoneGetsToDJ.release.xcconfig */ = {isa = PBXFileReference; includeInIndex = 1; lastKnownFileType = text.xcconfig; name = "Pods-EveryoneGetsToDJ.release.xcconfig"; path = "Pods/Target Support Files/Pods-EveryoneGetsToDJ/Pods-EveryoneGetsToDJ.release.xcconfig"; sourceTree = "<group>"; };
		EA392A81027572AB107929C1 /* Pods-EveryoneGetsToDJTests.release.xcconfig */ = {isa = PBXFileReference; includeInIndex = 1; lastKnownFileType = text.xcconfig; name = "Pods-EveryoneGetsToDJTests.release.xcconfig"; path = "Pods/Target Support Files/Pods-EveryoneGetsToDJTests/Pods-EveryoneGetsToDJTests.release.xcconfig"; sourceTree = "<group>"; };
		EC13AA791EF97E4F00BD48C9 /* ColorScheme.swift */ = {isa = PBXFileReference; fileEncoding = 4; lastKnownFileType = sourcecode.swift; path = ColorScheme.swift; sourceTree = "<group>"; };
		EC2018341EF70C9900ECB4ED /* GoogleService-Info.plist */ = {isa = PBXFileReference; fileEncoding = 4; lastKnownFileType = text.plist.xml; path = "GoogleService-Info.plist"; sourceTree = "<group>"; };
		EC291B2F1EF047D800953483 /* Resource.swift */ = {isa = PBXFileReference; fileEncoding = 4; lastKnownFileType = sourcecode.swift; name = Resource.swift; path = ../Resource.swift; sourceTree = "<group>"; };
		EC2BC4571EF83730007A783C /* DJTextField.swift */ = {isa = PBXFileReference; fileEncoding = 4; lastKnownFileType = sourcecode.swift; path = DJTextField.swift; sourceTree = "<group>"; };
		EC2BC4591EF8634E007A783C /* Jukebox.swift */ = {isa = PBXFileReference; fileEncoding = 4; lastKnownFileType = sourcecode.swift; path = Jukebox.swift; sourceTree = "<group>"; };
		EC2BC45C1EF87DA5007A783C /* MultipeerManager.swift */ = {isa = PBXFileReference; fileEncoding = 4; lastKnownFileType = sourcecode.swift; path = MultipeerManager.swift; sourceTree = "<group>"; };
		EC2BC45E1EF8887A007A783C /* MultipeerResource.swift */ = {isa = PBXFileReference; fileEncoding = 4; lastKnownFileType = sourcecode.swift; path = MultipeerResource.swift; sourceTree = "<group>"; };
		EC2BC4611EF89282007A783C /* Serializing.swift */ = {isa = PBXFileReference; fileEncoding = 4; lastKnownFileType = sourcecode.swift; path = Serializing.swift; sourceTree = "<group>"; };
		EC2BC4631EF8991D007A783C /* FindJukeboxViewController.swift */ = {isa = PBXFileReference; fileEncoding = 4; lastKnownFileType = sourcecode.swift; path = FindJukeboxViewController.swift; sourceTree = "<group>"; };
		EC2BC4651EF89CA7007A783C /* JukeboxCell.swift */ = {isa = PBXFileReference; fileEncoding = 4; lastKnownFileType = sourcecode.swift; path = JukeboxCell.swift; sourceTree = "<group>"; };
		EC56CE521EF7119C0023DDCE /* FirebaseManager.swift */ = {isa = PBXFileReference; fileEncoding = 4; lastKnownFileType = sourcecode.swift; path = FirebaseManager.swift; sourceTree = "<group>"; };
		EC56CE541EF71C920023DDCE /* CreateJukeboxViewController.swift */ = {isa = PBXFileReference; fileEncoding = 4; lastKnownFileType = sourcecode.swift; path = CreateJukeboxViewController.swift; sourceTree = "<group>"; };
		EC5AB8EF1EF2E2F200483E13 /* DJTabBarController.swift */ = {isa = PBXFileReference; fileEncoding = 4; lastKnownFileType = sourcecode.swift; path = DJTabBarController.swift; sourceTree = "<group>"; };
		EC5CC8191EF1F45000F83E13 /* LoginManager.swift */ = {isa = PBXFileReference; fileEncoding = 4; lastKnownFileType = sourcecode.swift; path = LoginManager.swift; sourceTree = "<group>"; };
		EC5CC81B1EF1F6CC00F83E13 /* PlaybackViewController.swift */ = {isa = PBXFileReference; fileEncoding = 4; lastKnownFileType = sourcecode.swift; path = PlaybackViewController.swift; sourceTree = "<group>"; };
		EC5CC81D1EF1F70300F83E13 /* SelectionViewController.swift */ = {isa = PBXFileReference; fileEncoding = 4; lastKnownFileType = sourcecode.swift; path = SelectionViewController.swift; sourceTree = "<group>"; };
		EC5F835F1EFC080500EB4C4D /* NotificationExt.swift */ = {isa = PBXFileReference; fileEncoding = 4; lastKnownFileType = sourcecode.swift; path = NotificationExt.swift; sourceTree = "<group>"; };
		EC5F83611EFC20C100EB4C4D /* PauseButton.swift */ = {isa = PBXFileReference; fileEncoding = 4; lastKnownFileType = sourcecode.swift; path = PauseButton.swift; sourceTree = "<group>"; };
		EC5F83651EFC75EB00EB4C4D /* DJButton.swift */ = {isa = PBXFileReference; fileEncoding = 4; lastKnownFileType = sourcecode.swift; path = DJButton.swift; sourceTree = "<group>"; };
		EC5F83691EFC77C200EB4C4D /* UIViewControllerExt.swift */ = {isa = PBXFileReference; fileEncoding = 4; lastKnownFileType = sourcecode.swift; path = UIViewControllerExt.swift; sourceTree = "<group>"; };
		EC5F836B1EFC7E9E00EB4C4D /* DJNavigationController.swift */ = {isa = PBXFileReference; fileEncoding = 4; lastKnownFileType = sourcecode.swift; path = DJNavigationController.swift; sourceTree = "<group>"; };
		EC9D6D481EE8ABC60021370D /* EveryoneGetsToDJ.app */ = {isa = PBXFileReference; explicitFileType = wrapper.application; includeInIndex = 0; path = EveryoneGetsToDJ.app; sourceTree = BUILT_PRODUCTS_DIR; };
		EC9D6D4B1EE8ABC60021370D /* AppDelegate.swift */ = {isa = PBXFileReference; lastKnownFileType = sourcecode.swift; name = AppDelegate.swift; path = EveryoneGetsToDJ/AppDelegate.swift; sourceTree = "<group>"; };
		EC9D6D541EE8ABC60021370D /* Base */ = {isa = PBXFileReference; lastKnownFileType = file.storyboard; name = Base; path = Base.lproj/Main.storyboard; sourceTree = "<group>"; };
		EC9D6D561EE8ABC60021370D /* Assets.xcassets */ = {isa = PBXFileReference; lastKnownFileType = folder.assetcatalog; path = Assets.xcassets; sourceTree = "<group>"; };
		EC9D6D591EE8ABC60021370D /* Base */ = {isa = PBXFileReference; lastKnownFileType = file.storyboard; name = Base; path = Base.lproj/LaunchScreen.storyboard; sourceTree = "<group>"; };
		EC9D6D5B1EE8ABC60021370D /* Info.plist */ = {isa = PBXFileReference; lastKnownFileType = text.plist.xml; path = Info.plist; sourceTree = "<group>"; };
		EC9D6D601EE8ABC60021370D /* EveryoneGetsToDJTests.xctest */ = {isa = PBXFileReference; explicitFileType = wrapper.cfbundle; includeInIndex = 0; path = EveryoneGetsToDJTests.xctest; sourceTree = BUILT_PRODUCTS_DIR; };
		EC9D6D641EE8ABC60021370D /* EveryoneGetsToDJTests.swift */ = {isa = PBXFileReference; lastKnownFileType = sourcecode.swift; path = EveryoneGetsToDJTests.swift; sourceTree = "<group>"; };
		EC9D6D661EE8ABC60021370D /* Info.plist */ = {isa = PBXFileReference; lastKnownFileType = text.plist.xml; path = Info.plist; sourceTree = "<group>"; };
		EC9D6D701EE8B2120021370D /* Secret.swift */ = {isa = PBXFileReference; fileEncoding = 4; lastKnownFileType = sourcecode.swift; path = Secret.swift; sourceTree = "<group>"; };
		EC9D6D731EE8B3F80021370D /* SpotifyAudioPlayback.framework */ = {isa = PBXFileReference; lastKnownFileType = wrapper.framework; path = SpotifyAudioPlayback.framework; sourceTree = "<group>"; };
		EC9D6D741EE8B3F80021370D /* SpotifyAuthentication.framework */ = {isa = PBXFileReference; lastKnownFileType = wrapper.framework; path = SpotifyAuthentication.framework; sourceTree = "<group>"; };
		EC9D6D751EE8B3F80021370D /* SpotifyMetadata.framework */ = {isa = PBXFileReference; lastKnownFileType = wrapper.framework; path = SpotifyMetadata.framework; sourceTree = "<group>"; };
		EC9D6D7A1EE8B4BE0021370D /* EveryoneGetsToDJ-Bridging-Header.h */ = {isa = PBXFileReference; lastKnownFileType = sourcecode.c.h; path = "EveryoneGetsToDJ-Bridging-Header.h"; sourceTree = "<group>"; };
		EC9D6D7B1EE8B4BF0021370D /* BridgeViewController.h */ = {isa = PBXFileReference; fileEncoding = 4; lastKnownFileType = sourcecode.c.h; path = BridgeViewController.h; sourceTree = "<group>"; };
		EC9D6D7C1EE8B4BF0021370D /* BridgeViewController.m */ = {isa = PBXFileReference; fileEncoding = 4; lastKnownFileType = sourcecode.c.objc; path = BridgeViewController.m; sourceTree = "<group>"; };
		EC9D6D7E1EE8B67A0021370D /* LoginViewController.swift */ = {isa = PBXFileReference; fileEncoding = 4; lastKnownFileType = sourcecode.swift; name = LoginViewController.swift; path = EveryoneGetsToDJ/LoginViewController.swift; sourceTree = "<group>"; };
		EC9D6D821EE9BE9A0021370D /* ApiClient.swift */ = {isa = PBXFileReference; fileEncoding = 4; lastKnownFileType = sourcecode.swift; path = ApiClient.swift; sourceTree = "<group>"; };
		EC9D6D861EEB46C20021370D /* ApiResponse.swift */ = {isa = PBXFileReference; fileEncoding = 4; lastKnownFileType = sourcecode.swift; path = ApiResponse.swift; sourceTree = "<group>"; };
		EC9D6D881EEB4BD30021370D /* Artist.swift */ = {isa = PBXFileReference; fileEncoding = 4; lastKnownFileType = sourcecode.swift; path = Artist.swift; sourceTree = "<group>"; };
		EC9D6D8A1EEB4BE50021370D /* Track.swift */ = {isa = PBXFileReference; fileEncoding = 4; lastKnownFileType = sourcecode.swift; path = Track.swift; sourceTree = "<group>"; };
		EC9D6D8C1EEB4BF70021370D /* Album.swift */ = {isa = PBXFileReference; fileEncoding = 4; lastKnownFileType = sourcecode.swift; path = Album.swift; sourceTree = "<group>"; };
		ECCC80671EFAB70000D1A294 /* Urban Jungle.ttf */ = {isa = PBXFileReference; lastKnownFileType = file; path = "Urban Jungle.ttf"; sourceTree = "<group>"; };
		ECCC80691EFAB73400D1A294 /* TrackCell.swift */ = {isa = PBXFileReference; fileEncoding = 4; lastKnownFileType = sourcecode.swift; path = TrackCell.swift; sourceTree = "<group>"; };
		ECCC806B1EFAB7F300D1A294 /* Electricity Personal Use.ttf */ = {isa = PBXFileReference; lastKnownFileType = file; path = "Electricity Personal Use.ttf"; sourceTree = "<group>"; };
		ECCC806D1EFAB91000D1A294 /* Neons_demo.otf */ = {isa = PBXFileReference; lastKnownFileType = file; path = Neons_demo.otf; sourceTree = "<group>"; };
		ECCC806F1EFAB9DC00D1A294 /* DJLabel.swift */ = {isa = PBXFileReference; fileEncoding = 4; lastKnownFileType = sourcecode.swift; path = DJLabel.swift; sourceTree = "<group>"; };
		ECCC80711EFAD84300D1A294 /* PlaybackCell.swift */ = {isa = PBXFileReference; fileEncoding = 4; lastKnownFileType = sourcecode.swift; path = PlaybackCell.swift; sourceTree = "<group>"; };
		ECCC80731EFB060300D1A294 /* PlaybackEngine.swift */ = {isa = PBXFileReference; fileEncoding = 4; lastKnownFileType = sourcecode.swift; path = PlaybackEngine.swift; sourceTree = "<group>"; };
		ECF108831EF98175006365AB /* DJView.swift */ = {isa = PBXFileReference; fileEncoding = 4; lastKnownFileType = sourcecode.swift; path = DJView.swift; sourceTree = "<group>"; };
		ECFDFBF41EEB70EF00480F8F /* ApiError.swift */ = {isa = PBXFileReference; fileEncoding = 4; lastKnownFileType = sourcecode.swift; path = ApiError.swift; sourceTree = "<group>"; };
/* End PBXFileReference section */

/* Begin PBXFrameworksBuildPhase section */
		EC9D6D451EE8ABC60021370D /* Frameworks */ = {
			isa = PBXFrameworksBuildPhase;
			buildActionMask = 2147483647;
			files = (
				EC9D6D761EE8B3F80021370D /* SpotifyAudioPlayback.framework in Frameworks */,
				EC9D6D781EE8B3F80021370D /* SpotifyMetadata.framework in Frameworks */,
				EC9D6D771EE8B3F80021370D /* SpotifyAuthentication.framework in Frameworks */,
				CED1AB962730DB2FC70D5867 /* Pods_EveryoneGetsToDJ.framework in Frameworks */,
			);
			runOnlyForDeploymentPostprocessing = 0;
		};
		EC9D6D5D1EE8ABC60021370D /* Frameworks */ = {
			isa = PBXFrameworksBuildPhase;
			buildActionMask = 2147483647;
			files = (
				1269095ADD81C72C59963E65 /* Pods_EveryoneGetsToDJTests.framework in Frameworks */,
			);
			runOnlyForDeploymentPostprocessing = 0;
		};
/* End PBXFrameworksBuildPhase section */

/* Begin PBXGroup section */
		65E8B9E5EC39497271870D70 /* Pods */ = {
			isa = PBXGroup;
			children = (
				0DD2BF4E743F91E70D0956E3 /* Pods-EveryoneGetsToDJ.debug.xcconfig */,
				845186C2A0070BBFC2F67AF6 /* Pods-EveryoneGetsToDJ.release.xcconfig */,
				2F7C1E912541D3C6A35A9564 /* Pods-EveryoneGetsToDJTests.debug.xcconfig */,
				EA392A81027572AB107929C1 /* Pods-EveryoneGetsToDJTests.release.xcconfig */,
			);
			name = Pods;
			sourceTree = "<group>";
		};
		CE8F5AA9D92FCFE266619745 /* Frameworks */ = {
			isa = PBXGroup;
			children = (
				256E0914CCCD808BF0ACF6E5 /* Pods_EveryoneGetsToDJ.framework */,
				15DA0DAC2DB435D378229EF5 /* Pods_EveryoneGetsToDJTests.framework */,
			);
			name = Frameworks;
			sourceTree = "<group>";
		};
		EC2BC45B1EF87D2D007A783C /* Storyboards */ = {
			isa = PBXGroup;
			children = (
				EC9D6D531EE8ABC60021370D /* Main.storyboard */,
				EC9D6D581EE8ABC60021370D /* LaunchScreen.storyboard */,
			);
			name = Storyboards;
			sourceTree = "<group>";
		};
		EC2BC4601EF89265007A783C /* Protocols */ = {
			isa = PBXGroup;
			children = (
				EC2BC4611EF89282007A783C /* Serializing.swift */,
				ECF108831EF98175006365AB /* DJView.swift */,
			);
			name = Protocols;
			sourceTree = "<group>";
		};
		EC5F835E1EFC07F100EB4C4D /* Extensions */ = {
			isa = PBXGroup;
			children = (
				EC5F835F1EFC080500EB4C4D /* NotificationExt.swift */,
				EC5F83691EFC77C200EB4C4D /* UIViewControllerExt.swift */,
			);
			name = Extensions;
			sourceTree = "<group>";
		};
		EC9D6D3F1EE8ABC60021370D = {
			isa = PBXGroup;
			children = (
				EC9D6D4A1EE8ABC60021370D /* EveryoneGetsToDJ */,
				EC9D6D631EE8ABC60021370D /* EveryoneGetsToDJTests */,
				EC9D6D491EE8ABC60021370D /* Products */,
				65E8B9E5EC39497271870D70 /* Pods */,
				CE8F5AA9D92FCFE266619745 /* Frameworks */,
			);
			sourceTree = "<group>";
		};
		EC9D6D491EE8ABC60021370D /* Products */ = {
			isa = PBXGroup;
			children = (
				EC9D6D481EE8ABC60021370D /* EveryoneGetsToDJ.app */,
				EC9D6D601EE8ABC60021370D /* EveryoneGetsToDJTests.xctest */,
			);
			name = Products;
			sourceTree = "<group>";
		};
		EC9D6D4A1EE8ABC60021370D /* EveryoneGetsToDJ */ = {
			isa = PBXGroup;
			children = (
				EC5F835E1EFC07F100EB4C4D /* Extensions */,
				ECCC80661EFAB6E200D1A294 /* Resources */,
				EC2BC4601EF89265007A783C /* Protocols */,
				EC2BC45B1EF87D2D007A783C /* Storyboards */,
				EC9D6D851EEB468F0021370D /* Views */,
				EC9D6D841EEB46880021370D /* Models */,
				EC9D6D801EE8B6860021370D /* Controllers */,
				EC9D6D791EE8B4150021370D /* Bridging */,
				EC9D6D6F1EE8B19F0021370D /* Utility */,
				EC9D6D561EE8ABC60021370D /* Assets.xcassets */,
				EC9D6D5B1EE8ABC60021370D /* Info.plist */,
				EC9D6D721EE8B3DE0021370D /* Frameworks */,
			);
			path = EveryoneGetsToDJ;
			sourceTree = "<group>";
		};
		EC9D6D631EE8ABC60021370D /* EveryoneGetsToDJTests */ = {
			isa = PBXGroup;
			children = (
				EC9D6D641EE8ABC60021370D /* EveryoneGetsToDJTests.swift */,
				EC9D6D661EE8ABC60021370D /* Info.plist */,
			);
			path = EveryoneGetsToDJTests;
			sourceTree = "<group>";
		};
		EC9D6D6F1EE8B19F0021370D /* Utility */ = {
			isa = PBXGroup;
			children = (
				EC9D6D701EE8B2120021370D /* Secret.swift */,
				EC9D6D821EE9BE9A0021370D /* ApiClient.swift */,
				EC9D6D861EEB46C20021370D /* ApiResponse.swift */,
				ECFDFBF41EEB70EF00480F8F /* ApiError.swift */,
				EC5CC8191EF1F45000F83E13 /* LoginManager.swift */,
				EC56CE521EF7119C0023DDCE /* FirebaseManager.swift */,
				EC2BC45C1EF87DA5007A783C /* MultipeerManager.swift */,
			);
			name = Utility;
			path = ..;
			sourceTree = "<group>";
		};
		EC9D6D721EE8B3DE0021370D /* Frameworks */ = {
			isa = PBXGroup;
			children = (
				EC2018341EF70C9900ECB4ED /* GoogleService-Info.plist */,
				EC9D6D731EE8B3F80021370D /* SpotifyAudioPlayback.framework */,
				EC9D6D741EE8B3F80021370D /* SpotifyAuthentication.framework */,
				EC9D6D751EE8B3F80021370D /* SpotifyMetadata.framework */,
			);
			name = Frameworks;
			path = ..;
			sourceTree = "<group>";
		};
		EC9D6D791EE8B4150021370D /* Bridging */ = {
			isa = PBXGroup;
			children = (
				EC9D6D7B1EE8B4BF0021370D /* BridgeViewController.h */,
				EC9D6D7C1EE8B4BF0021370D /* BridgeViewController.m */,
				EC9D6D7A1EE8B4BE0021370D /* EveryoneGetsToDJ-Bridging-Header.h */,
			);
			name = Bridging;
			path = ..;
			sourceTree = "<group>";
		};
		EC9D6D801EE8B6860021370D /* Controllers */ = {
			isa = PBXGroup;
			children = (
				EC9D6D7E1EE8B67A0021370D /* LoginViewController.swift */,
				EC9D6D4B1EE8ABC60021370D /* AppDelegate.swift */,
				EC5CC81B1EF1F6CC00F83E13 /* PlaybackViewController.swift */,
				EC5CC81D1EF1F70300F83E13 /* SelectionViewController.swift */,
				EC5AB8EF1EF2E2F200483E13 /* DJTabBarController.swift */,
				EC56CE541EF71C920023DDCE /* CreateJukeboxViewController.swift */,
				EC2BC4631EF8991D007A783C /* FindJukeboxViewController.swift */,
				EC5F836B1EFC7E9E00EB4C4D /* DJNavigationController.swift */,
			);
			name = Controllers;
			path = ..;
			sourceTree = "<group>";
		};
		EC9D6D841EEB46880021370D /* Models */ = {
			isa = PBXGroup;
			children = (
				EC9D6D881EEB4BD30021370D /* Artist.swift */,
				EC9D6D8A1EEB4BE50021370D /* Track.swift */,
				EC9D6D8C1EEB4BF70021370D /* Album.swift */,
				EC2BC4591EF8634E007A783C /* Jukebox.swift */,
				EC2BC45E1EF8887A007A783C /* MultipeerResource.swift */,
				EC291B2F1EF047D800953483 /* Resource.swift */,
				EC13AA791EF97E4F00BD48C9 /* ColorScheme.swift */,
				ECCC80731EFB060300D1A294 /* PlaybackEngine.swift */,
			);
			name = Models;
			sourceTree = "<group>";
		};
		EC9D6D851EEB468F0021370D /* Views */ = {
			isa = PBXGroup;
			children = (
				EC2BC4571EF83730007A783C /* DJTextField.swift */,
				EC2BC4651EF89CA7007A783C /* JukeboxCell.swift */,
				ECCC80691EFAB73400D1A294 /* TrackCell.swift */,
				ECCC806F1EFAB9DC00D1A294 /* DJLabel.swift */,
				ECCC80711EFAD84300D1A294 /* PlaybackCell.swift */,
				EC5F83611EFC20C100EB4C4D /* PauseButton.swift */,
				EC5F83651EFC75EB00EB4C4D /* DJButton.swift */,
			);
			name = Views;
			sourceTree = "<group>";
		};
		ECCC80661EFAB6E200D1A294 /* Resources */ = {
			isa = PBXGroup;
			children = (
				ECCC806B1EFAB7F300D1A294 /* Electricity Personal Use.ttf */,
				ECCC806D1EFAB91000D1A294 /* Neons_demo.otf */,
				ECCC80671EFAB70000D1A294 /* Urban Jungle.ttf */,
			);
			name = Resources;
			sourceTree = "<group>";
		};
/* End PBXGroup section */

/* Begin PBXNativeTarget section */
		EC9D6D471EE8ABC60021370D /* EveryoneGetsToDJ */ = {
			isa = PBXNativeTarget;
			buildConfigurationList = EC9D6D691EE8ABC60021370D /* Build configuration list for PBXNativeTarget "EveryoneGetsToDJ" */;
			buildPhases = (
				DB39F60E5F3B7B5389C421C4 /* [CP] Check Pods Manifest.lock */,
				EC9D6D441EE8ABC60021370D /* Sources */,
				EC9D6D451EE8ABC60021370D /* Frameworks */,
				EC9D6D461EE8ABC60021370D /* Resources */,
				7A0D2DA63C8E9882A95F5536 /* [CP] Embed Pods Frameworks */,
				4C52CBC7979E950912B257C5 /* [CP] Copy Pods Resources */,
			);
			buildRules = (
			);
			dependencies = (
			);
			name = EveryoneGetsToDJ;
			productName = EveryoneGetsToDJ;
			productReference = EC9D6D481EE8ABC60021370D /* EveryoneGetsToDJ.app */;
			productType = "com.apple.product-type.application";
		};
		EC9D6D5F1EE8ABC60021370D /* EveryoneGetsToDJTests */ = {
			isa = PBXNativeTarget;
			buildConfigurationList = EC9D6D6C1EE8ABC60021370D /* Build configuration list for PBXNativeTarget "EveryoneGetsToDJTests" */;
			buildPhases = (
				BBE2FE7E25AE2794F77B70F8 /* [CP] Check Pods Manifest.lock */,
				EC9D6D5C1EE8ABC60021370D /* Sources */,
				EC9D6D5D1EE8ABC60021370D /* Frameworks */,
				EC9D6D5E1EE8ABC60021370D /* Resources */,
				5E6ADC880373A7E262FB5F8B /* [CP] Embed Pods Frameworks */,
				A835DC4EA517B297F57D789C /* [CP] Copy Pods Resources */,
			);
			buildRules = (
			);
			dependencies = (
				EC9D6D621EE8ABC60021370D /* PBXTargetDependency */,
			);
			name = EveryoneGetsToDJTests;
			productName = EveryoneGetsToDJTests;
			productReference = EC9D6D601EE8ABC60021370D /* EveryoneGetsToDJTests.xctest */;
			productType = "com.apple.product-type.bundle.unit-test";
		};
/* End PBXNativeTarget section */

/* Begin PBXProject section */
		EC9D6D401EE8ABC60021370D /* Project object */ = {
			isa = PBXProject;
			attributes = {
				LastSwiftUpdateCheck = 0830;
				LastUpgradeCheck = 0830;
				ORGANIZATIONNAME = "Patrick O'Leary";
				TargetAttributes = {
					EC9D6D471EE8ABC60021370D = {
						CreatedOnToolsVersion = 8.3.2;
						DevelopmentTeam = 992D98C4QP;
						LastSwiftMigration = 0830;
						ProvisioningStyle = Automatic;
					};
					EC9D6D5F1EE8ABC60021370D = {
						CreatedOnToolsVersion = 8.3.2;
						DevelopmentTeam = 992D98C4QP;
						ProvisioningStyle = Automatic;
						TestTargetID = EC9D6D471EE8ABC60021370D;
					};
				};
			};
			buildConfigurationList = EC9D6D431EE8ABC60021370D /* Build configuration list for PBXProject "EveryoneGetsToDJ" */;
			compatibilityVersion = "Xcode 3.2";
			developmentRegion = English;
			hasScannedForEncodings = 0;
			knownRegions = (
				en,
				Base,
			);
			mainGroup = EC9D6D3F1EE8ABC60021370D;
			productRefGroup = EC9D6D491EE8ABC60021370D /* Products */;
			projectDirPath = "";
			projectRoot = "";
			targets = (
				EC9D6D471EE8ABC60021370D /* EveryoneGetsToDJ */,
				EC9D6D5F1EE8ABC60021370D /* EveryoneGetsToDJTests */,
			);
		};
/* End PBXProject section */

/* Begin PBXResourcesBuildPhase section */
		EC9D6D461EE8ABC60021370D /* Resources */ = {
			isa = PBXResourcesBuildPhase;
			buildActionMask = 2147483647;
			files = (
				ECCC806C1EFAB7F300D1A294 /* Electricity Personal Use.ttf in Resources */,
				EC9D6D5A1EE8ABC60021370D /* LaunchScreen.storyboard in Resources */,
				EC2018351EF70C9900ECB4ED /* GoogleService-Info.plist in Resources */,
				EC9D6D571EE8ABC60021370D /* Assets.xcassets in Resources */,
				ECCC806E1EFAB91000D1A294 /* Neons_demo.otf in Resources */,
				EC9D6D551EE8ABC60021370D /* Main.storyboard in Resources */,
				ECCC80681EFAB70000D1A294 /* Urban Jungle.ttf in Resources */,
			);
			runOnlyForDeploymentPostprocessing = 0;
		};
		EC9D6D5E1EE8ABC60021370D /* Resources */ = {
			isa = PBXResourcesBuildPhase;
			buildActionMask = 2147483647;
			files = (
			);
			runOnlyForDeploymentPostprocessing = 0;
		};
/* End PBXResourcesBuildPhase section */

/* Begin PBXShellScriptBuildPhase section */
		4C52CBC7979E950912B257C5 /* [CP] Copy Pods Resources */ = {
			isa = PBXShellScriptBuildPhase;
			buildActionMask = 2147483647;
			files = (
			);
			inputPaths = (
			);
			name = "[CP] Copy Pods Resources";
			outputPaths = (
			);
			runOnlyForDeploymentPostprocessing = 0;
			shellPath = /bin/sh;
			shellScript = "\"${SRCROOT}/Pods/Target Support Files/Pods-EveryoneGetsToDJ/Pods-EveryoneGetsToDJ-resources.sh\"\n";
			showEnvVarsInLog = 0;
		};
		5E6ADC880373A7E262FB5F8B /* [CP] Embed Pods Frameworks */ = {
			isa = PBXShellScriptBuildPhase;
			buildActionMask = 2147483647;
			files = (
			);
			inputPaths = (
			);
			name = "[CP] Embed Pods Frameworks";
			outputPaths = (
			);
			runOnlyForDeploymentPostprocessing = 0;
			shellPath = /bin/sh;
			shellScript = "\"${SRCROOT}/Pods/Target Support Files/Pods-EveryoneGetsToDJTests/Pods-EveryoneGetsToDJTests-frameworks.sh\"\n";
			showEnvVarsInLog = 0;
		};
		7A0D2DA63C8E9882A95F5536 /* [CP] Embed Pods Frameworks */ = {
			isa = PBXShellScriptBuildPhase;
			buildActionMask = 2147483647;
			files = (
			);
			inputPaths = (
			);
			name = "[CP] Embed Pods Frameworks";
			outputPaths = (
			);
			runOnlyForDeploymentPostprocessing = 0;
			shellPath = /bin/sh;
			shellScript = "\"${SRCROOT}/Pods/Target Support Files/Pods-EveryoneGetsToDJ/Pods-EveryoneGetsToDJ-frameworks.sh\"\n";
			showEnvVarsInLog = 0;
		};
		A835DC4EA517B297F57D789C /* [CP] Copy Pods Resources */ = {
			isa = PBXShellScriptBuildPhase;
			buildActionMask = 2147483647;
			files = (
			);
			inputPaths = (
			);
			name = "[CP] Copy Pods Resources";
			outputPaths = (
			);
			runOnlyForDeploymentPostprocessing = 0;
			shellPath = /bin/sh;
			shellScript = "\"${SRCROOT}/Pods/Target Support Files/Pods-EveryoneGetsToDJTests/Pods-EveryoneGetsToDJTests-resources.sh\"\n";
			showEnvVarsInLog = 0;
		};
		BBE2FE7E25AE2794F77B70F8 /* [CP] Check Pods Manifest.lock */ = {
			isa = PBXShellScriptBuildPhase;
			buildActionMask = 2147483647;
			files = (
			);
			inputPaths = (
			);
			name = "[CP] Check Pods Manifest.lock";
			outputPaths = (
			);
			runOnlyForDeploymentPostprocessing = 0;
			shellPath = /bin/sh;
			shellScript = "diff \"${PODS_ROOT}/../Podfile.lock\" \"${PODS_ROOT}/Manifest.lock\" > /dev/null\nif [ $? != 0 ] ; then\n    # print error to STDERR\n    echo \"error: The sandbox is not in sync with the Podfile.lock. Run 'pod install' or update your CocoaPods installation.\" >&2\n    exit 1\nfi\n";
			showEnvVarsInLog = 0;
		};
		DB39F60E5F3B7B5389C421C4 /* [CP] Check Pods Manifest.lock */ = {
			isa = PBXShellScriptBuildPhase;
			buildActionMask = 2147483647;
			files = (
			);
			inputPaths = (
			);
			name = "[CP] Check Pods Manifest.lock";
			outputPaths = (
			);
			runOnlyForDeploymentPostprocessing = 0;
			shellPath = /bin/sh;
			shellScript = "diff \"${PODS_ROOT}/../Podfile.lock\" \"${PODS_ROOT}/Manifest.lock\" > /dev/null\nif [ $? != 0 ] ; then\n    # print error to STDERR\n    echo \"error: The sandbox is not in sync with the Podfile.lock. Run 'pod install' or update your CocoaPods installation.\" >&2\n    exit 1\nfi\n";
			showEnvVarsInLog = 0;
		};
/* End PBXShellScriptBuildPhase section */

/* Begin PBXSourcesBuildPhase section */
		EC9D6D441EE8ABC60021370D /* Sources */ = {
			isa = PBXSourcesBuildPhase;
			buildActionMask = 2147483647;
			files = (
				EC9D6D7F1EE8B67A0021370D /* LoginViewController.swift in Sources */,
				EC9D6D7D1EE8B4BF0021370D /* BridgeViewController.m in Sources */,
				EC5F83661EFC75EB00EB4C4D /* DJButton.swift in Sources */,
				EC9D6D4C1EE8ABC60021370D /* AppDelegate.swift in Sources */,
				EC2BC4621EF89282007A783C /* Serializing.swift in Sources */,
				EC5F836A1EFC77C200EB4C4D /* UIViewControllerExt.swift in Sources */,
				EC2BC4661EF89CA7007A783C /* JukeboxCell.swift in Sources */,
				EC2BC45F1EF8887A007A783C /* MultipeerResource.swift in Sources */,
				EC5F83621EFC20C100EB4C4D /* PauseButton.swift in Sources */,
				ECCC80721EFAD84300D1A294 /* PlaybackCell.swift in Sources */,
				EC13AA7A1EF97E4F00BD48C9 /* ColorScheme.swift in Sources */,
				EC291B301EF047D800953483 /* Resource.swift in Sources */,
				ECFDFBF51EEB70EF00480F8F /* ApiError.swift in Sources */,
				EC2BC45A1EF8634E007A783C /* Jukebox.swift in Sources */,
				EC5F836C1EFC7E9E00EB4C4D /* DJNavigationController.swift in Sources */,
				EC2BC4581EF83730007A783C /* DJTextField.swift in Sources */,
				ECCC806A1EFAB73400D1A294 /* TrackCell.swift in Sources */,
				EC2BC45D1EF87DA5007A783C /* MultipeerManager.swift in Sources */,
				EC5CC81C1EF1F6CC00F83E13 /* PlaybackViewController.swift in Sources */,
				EC5AB8F01EF2E2F200483E13 /* DJTabBarController.swift in Sources */,
				ECF108841EF98175006365AB /* DJView.swift in Sources */,
				EC56CE551EF71C920023DDCE /* CreateJukeboxViewController.swift in Sources */,
				EC5CC81A1EF1F45000F83E13 /* LoginManager.swift in Sources */,
				EC9D6D8B1EEB4BE50021370D /* Track.swift in Sources */,
				EC9D6D871EEB46C20021370D /* ApiResponse.swift in Sources */,
				EC9D6D8D1EEB4BF70021370D /* Album.swift in Sources */,
				EC9D6D711EE8B2120021370D /* Secret.swift in Sources */,
				EC2BC4641EF8991D007A783C /* FindJukeboxViewController.swift in Sources */,
				EC56CE531EF7119C0023DDCE /* FirebaseManager.swift in Sources */,
				EC9D6D831EE9BE9A0021370D /* ApiClient.swift in Sources */,
				ECCC80741EFB060300D1A294 /* PlaybackEngine.swift in Sources */,
				EC5F83601EFC080500EB4C4D /* NotificationExt.swift in Sources */,
				EC9D6D891EEB4BD30021370D /* Artist.swift in Sources */,
				ECCC80701EFAB9DC00D1A294 /* DJLabel.swift in Sources */,
				EC5CC81E1EF1F70300F83E13 /* SelectionViewController.swift in Sources */,
			);
			runOnlyForDeploymentPostprocessing = 0;
		};
		EC9D6D5C1EE8ABC60021370D /* Sources */ = {
			isa = PBXSourcesBuildPhase;
			buildActionMask = 2147483647;
			files = (
				EC9D6D651EE8ABC60021370D /* EveryoneGetsToDJTests.swift in Sources */,
			);
			runOnlyForDeploymentPostprocessing = 0;
		};
/* End PBXSourcesBuildPhase section */

/* Begin PBXTargetDependency section */
		EC9D6D621EE8ABC60021370D /* PBXTargetDependency */ = {
			isa = PBXTargetDependency;
			target = EC9D6D471EE8ABC60021370D /* EveryoneGetsToDJ */;
			targetProxy = EC9D6D611EE8ABC60021370D /* PBXContainerItemProxy */;
		};
/* End PBXTargetDependency section */

/* Begin PBXVariantGroup section */
		EC9D6D531EE8ABC60021370D /* Main.storyboard */ = {
			isa = PBXVariantGroup;
			children = (
				EC9D6D541EE8ABC60021370D /* Base */,
			);
			name = Main.storyboard;
			sourceTree = "<group>";
		};
		EC9D6D581EE8ABC60021370D /* LaunchScreen.storyboard */ = {
			isa = PBXVariantGroup;
			children = (
				EC9D6D591EE8ABC60021370D /* Base */,
			);
			name = LaunchScreen.storyboard;
			sourceTree = "<group>";
		};
/* End PBXVariantGroup section */

/* Begin XCBuildConfiguration section */
		EC9D6D671EE8ABC60021370D /* Debug */ = {
			isa = XCBuildConfiguration;
			buildSettings = {
				ALWAYS_SEARCH_USER_PATHS = NO;
				CLANG_ANALYZER_NONNULL = YES;
				CLANG_ANALYZER_NUMBER_OBJECT_CONVERSION = YES_AGGRESSIVE;
				CLANG_CXX_LANGUAGE_STANDARD = "gnu++0x";
				CLANG_CXX_LIBRARY = "libc++";
				CLANG_ENABLE_MODULES = YES;
				CLANG_ENABLE_OBJC_ARC = YES;
				CLANG_WARN_BOOL_CONVERSION = YES;
				CLANG_WARN_CONSTANT_CONVERSION = YES;
				CLANG_WARN_DIRECT_OBJC_ISA_USAGE = YES_ERROR;
				CLANG_WARN_DOCUMENTATION_COMMENTS = YES;
				CLANG_WARN_EMPTY_BODY = YES;
				CLANG_WARN_ENUM_CONVERSION = YES;
				CLANG_WARN_INFINITE_RECURSION = YES;
				CLANG_WARN_INT_CONVERSION = YES;
				CLANG_WARN_OBJC_ROOT_CLASS = YES_ERROR;
				CLANG_WARN_SUSPICIOUS_MOVE = YES;
				CLANG_WARN_UNREACHABLE_CODE = YES;
				CLANG_WARN__DUPLICATE_METHOD_MATCH = YES;
				"CODE_SIGN_IDENTITY[sdk=iphoneos*]" = "iPhone Developer";
				COPY_PHASE_STRIP = NO;
				DEBUG_INFORMATION_FORMAT = dwarf;
				ENABLE_STRICT_OBJC_MSGSEND = YES;
				ENABLE_TESTABILITY = YES;
				GCC_C_LANGUAGE_STANDARD = gnu99;
				GCC_DYNAMIC_NO_PIC = NO;
				GCC_NO_COMMON_BLOCKS = YES;
				GCC_OPTIMIZATION_LEVEL = 0;
				GCC_PREPROCESSOR_DEFINITIONS = (
					"DEBUG=1",
					"$(inherited)",
				);
				GCC_WARN_64_TO_32_BIT_CONVERSION = YES;
				GCC_WARN_ABOUT_RETURN_TYPE = YES_ERROR;
				GCC_WARN_UNDECLARED_SELECTOR = YES;
				GCC_WARN_UNINITIALIZED_AUTOS = YES_AGGRESSIVE;
				GCC_WARN_UNUSED_FUNCTION = YES;
				GCC_WARN_UNUSED_VARIABLE = YES;
				IPHONEOS_DEPLOYMENT_TARGET = 10.3;
				MTL_ENABLE_DEBUG_INFO = YES;
				ONLY_ACTIVE_ARCH = YES;
				SDKROOT = iphoneos;
				SWIFT_ACTIVE_COMPILATION_CONDITIONS = DEBUG;
				SWIFT_OPTIMIZATION_LEVEL = "-Onone";
			};
			name = Debug;
		};
		EC9D6D681EE8ABC60021370D /* Release */ = {
			isa = XCBuildConfiguration;
			buildSettings = {
				ALWAYS_SEARCH_USER_PATHS = NO;
				CLANG_ANALYZER_NONNULL = YES;
				CLANG_ANALYZER_NUMBER_OBJECT_CONVERSION = YES_AGGRESSIVE;
				CLANG_CXX_LANGUAGE_STANDARD = "gnu++0x";
				CLANG_CXX_LIBRARY = "libc++";
				CLANG_ENABLE_MODULES = YES;
				CLANG_ENABLE_OBJC_ARC = YES;
				CLANG_WARN_BOOL_CONVERSION = YES;
				CLANG_WARN_CONSTANT_CONVERSION = YES;
				CLANG_WARN_DIRECT_OBJC_ISA_USAGE = YES_ERROR;
				CLANG_WARN_DOCUMENTATION_COMMENTS = YES;
				CLANG_WARN_EMPTY_BODY = YES;
				CLANG_WARN_ENUM_CONVERSION = YES;
				CLANG_WARN_INFINITE_RECURSION = YES;
				CLANG_WARN_INT_CONVERSION = YES;
				CLANG_WARN_OBJC_ROOT_CLASS = YES_ERROR;
				CLANG_WARN_SUSPICIOUS_MOVE = YES;
				CLANG_WARN_UNREACHABLE_CODE = YES;
				CLANG_WARN__DUPLICATE_METHOD_MATCH = YES;
				"CODE_SIGN_IDENTITY[sdk=iphoneos*]" = "iPhone Developer";
				COPY_PHASE_STRIP = NO;
				DEBUG_INFORMATION_FORMAT = "dwarf-with-dsym";
				ENABLE_NS_ASSERTIONS = NO;
				ENABLE_STRICT_OBJC_MSGSEND = YES;
				GCC_C_LANGUAGE_STANDARD = gnu99;
				GCC_NO_COMMON_BLOCKS = YES;
				GCC_WARN_64_TO_32_BIT_CONVERSION = YES;
				GCC_WARN_ABOUT_RETURN_TYPE = YES_ERROR;
				GCC_WARN_UNDECLARED_SELECTOR = YES;
				GCC_WARN_UNINITIALIZED_AUTOS = YES_AGGRESSIVE;
				GCC_WARN_UNUSED_FUNCTION = YES;
				GCC_WARN_UNUSED_VARIABLE = YES;
				IPHONEOS_DEPLOYMENT_TARGET = 10.3;
				MTL_ENABLE_DEBUG_INFO = NO;
				SDKROOT = iphoneos;
				SWIFT_OPTIMIZATION_LEVEL = "-Owholemodule";
				VALIDATE_PRODUCT = YES;
			};
			name = Release;
		};
		EC9D6D6A1EE8ABC60021370D /* Debug */ = {
			isa = XCBuildConfiguration;
			baseConfigurationReference = 0DD2BF4E743F91E70D0956E3 /* Pods-EveryoneGetsToDJ.debug.xcconfig */;
			buildSettings = {
				ASSETCATALOG_COMPILER_APPICON_NAME = AppIcon;
				CLANG_ENABLE_MODULES = YES;
				DEVELOPMENT_TEAM = 992D98C4QP;
				FRAMEWORK_SEARCH_PATHS = (
					"$(inherited)",
					"$(PROJECT_DIR)",
				);
				INFOPLIST_FILE = EveryoneGetsToDJ/Info.plist;
				LD_RUNPATH_SEARCH_PATHS = "$(inherited) @executable_path/Frameworks";
				"OTHER_LDFLAGS[arch=*]" = (
					"$(inherited)",
					"-ObjC",
					"-l\"c++\"",
					"-l\"sqlite3\"",
					"-l\"z\"",
					"-framework",
					"\"FirebaseAnalytics\"",
					"-framework",
					"\"FirebaseAuth\"",
					"-framework",
					"\"FirebaseCore\"",
					"-framework",
					"\"FirebaseCoreDiagnostics\"",
					"-framework",
					"\"FirebaseInstanceID\"",
					"-framework",
					"\"FirebaseNanoPB\"",
					"-framework",
					"\"GTMSessionFetcher\"",
					"-framework",
					"\"GoogleToolboxForMac\"",
					"-framework",
					"\"PromiseKit\"",
					"-framework",
					"\"Security\"",
					"-framework",
					"\"StoreKit\"",
					"-framework",
					"\"SystemConfiguration\"",
				);
				PRODUCT_BUNDLE_IDENTIFIER = com.SweetPea.EveryoneGetsToDJ;
				PRODUCT_NAME = "$(TARGET_NAME)";
				SWIFT_OBJC_BRIDGING_HEADER = "EveryoneGetsToDJ-Bridging-Header.h";
				SWIFT_OPTIMIZATION_LEVEL = "-Onone";
				SWIFT_VERSION = 3.0;
			};
			name = Debug;
		};
		EC9D6D6B1EE8ABC60021370D /* Release */ = {
			isa = XCBuildConfiguration;
			baseConfigurationReference = 845186C2A0070BBFC2F67AF6 /* Pods-EveryoneGetsToDJ.release.xcconfig */;
			buildSettings = {
				ASSETCATALOG_COMPILER_APPICON_NAME = AppIcon;
				CLANG_ENABLE_MODULES = YES;
				DEVELOPMENT_TEAM = 992D98C4QP;
				FRAMEWORK_SEARCH_PATHS = (
					"$(inherited)",
					"$(PROJECT_DIR)",
				);
				INFOPLIST_FILE = EveryoneGetsToDJ/Info.plist;
				LD_RUNPATH_SEARCH_PATHS = "$(inherited) @executable_path/Frameworks";
				"OTHER_LDFLAGS[arch=*]" = (
					"$(inherited)",
					"-ObjC",
					"-l\"c++\"",
					"-l\"sqlite3\"",
					"-l\"z\"",
					"-framework",
					"\"FirebaseAnalytics\"",
					"-framework",
					"\"FirebaseAuth\"",
					"-framework",
					"\"FirebaseCore\"",
					"-framework",
					"\"FirebaseCoreDiagnostics\"",
					"-framework",
					"\"FirebaseInstanceID\"",
					"-framework",
					"\"FirebaseNanoPB\"",
					"-framework",
					"\"GTMSessionFetcher\"",
					"-framework",
					"\"GoogleToolboxForMac\"",
					"-framework",
					"\"PromiseKit\"",
					"-framework",
					"\"Security\"",
					"-framework",
					"\"StoreKit\"",
					"-framework",
					"\"SystemConfiguration\"",
				);
				PRODUCT_BUNDLE_IDENTIFIER = com.SweetPea.EveryoneGetsToDJ;
				PRODUCT_NAME = "$(TARGET_NAME)";
				SWIFT_OBJC_BRIDGING_HEADER = "EveryoneGetsToDJ-Bridging-Header.h";
				SWIFT_VERSION = 3.0;
			};
			name = Release;
		};
		EC9D6D6D1EE8ABC60021370D /* Debug */ = {
			isa = XCBuildConfiguration;
			baseConfigurationReference = 2F7C1E912541D3C6A35A9564 /* Pods-EveryoneGetsToDJTests.debug.xcconfig */;
			buildSettings = {
				ALWAYS_EMBED_SWIFT_STANDARD_LIBRARIES = YES;
				BUNDLE_LOADER = "$(TEST_HOST)";
				DEVELOPMENT_TEAM = 992D98C4QP;
				INFOPLIST_FILE = EveryoneGetsToDJTests/Info.plist;
				LD_RUNPATH_SEARCH_PATHS = "$(inherited) @executable_path/Frameworks @loader_path/Frameworks";
				PRODUCT_BUNDLE_IDENTIFIER = SweetPea.EveryoneGetsToDJTests;
				PRODUCT_NAME = "$(TARGET_NAME)";
				SWIFT_VERSION = 3.0;
				TEST_HOST = "$(BUILT_PRODUCTS_DIR)/EveryoneGetsToDJ.app/EveryoneGetsToDJ";
			};
			name = Debug;
		};
		EC9D6D6E1EE8ABC60021370D /* Release */ = {
			isa = XCBuildConfiguration;
			baseConfigurationReference = EA392A81027572AB107929C1 /* Pods-EveryoneGetsToDJTests.release.xcconfig */;
			buildSettings = {
				ALWAYS_EMBED_SWIFT_STANDARD_LIBRARIES = YES;
				BUNDLE_LOADER = "$(TEST_HOST)";
				DEVELOPMENT_TEAM = 992D98C4QP;
				INFOPLIST_FILE = EveryoneGetsToDJTests/Info.plist;
				LD_RUNPATH_SEARCH_PATHS = "$(inherited) @executable_path/Frameworks @loader_path/Frameworks";
				PRODUCT_BUNDLE_IDENTIFIER = SweetPea.EveryoneGetsToDJTests;
				PRODUCT_NAME = "$(TARGET_NAME)";
				SWIFT_VERSION = 3.0;
				TEST_HOST = "$(BUILT_PRODUCTS_DIR)/EveryoneGetsToDJ.app/EveryoneGetsToDJ";
			};
			name = Release;
		};
/* End XCBuildConfiguration section */

/* Begin XCConfigurationList section */
		EC9D6D431EE8ABC60021370D /* Build configuration list for PBXProject "EveryoneGetsToDJ" */ = {
			isa = XCConfigurationList;
			buildConfigurations = (
				EC9D6D671EE8ABC60021370D /* Debug */,
				EC9D6D681EE8ABC60021370D /* Release */,
			);
			defaultConfigurationIsVisible = 0;
			defaultConfigurationName = Release;
		};
		EC9D6D691EE8ABC60021370D /* Build configuration list for PBXNativeTarget "EveryoneGetsToDJ" */ = {
			isa = XCConfigurationList;
			buildConfigurations = (
				EC9D6D6A1EE8ABC60021370D /* Debug */,
				EC9D6D6B1EE8ABC60021370D /* Release */,
			);
			defaultConfigurationIsVisible = 0;
			defaultConfigurationName = Release;
		};
		EC9D6D6C1EE8ABC60021370D /* Build configuration list for PBXNativeTarget "EveryoneGetsToDJTests" */ = {
			isa = XCConfigurationList;
			buildConfigurations = (
				EC9D6D6D1EE8ABC60021370D /* Debug */,
				EC9D6D6E1EE8ABC60021370D /* Release */,
			);
			defaultConfigurationIsVisible = 0;
			defaultConfigurationName = Release;
		};
/* End XCConfigurationList section */
	};
	rootObject = EC9D6D401EE8ABC60021370D /* Project object */;
}
